
Microsoft Visual Studio Solution File, Format Version 12.00
# Visual Studio 15
VisualStudioVersion = 15.0.28307.329
MinimumVisualStudioVersion = 10.0.40219.1
Project("{888888A0-9F3D-457C-B088-3A5042F75D52}") = "Torus", "Torus\Torus.pyproj", "{C06C106A-FD0D-402C-83DC-33454978FE25}"
EndProject
Global
	GlobalSection(SolutionConfigurationPlatforms) = preSolution
		Debug|Any CPU = Debug|Any CPU
		Release|Any CPU = Release|Any CPU
	EndGlobalSection
	GlobalSection(ProjectConfigurationPlatforms) = postSolution
		{C06C106A-FD0D-402C-83DC-33454978FE25}.Debug|Any CPU.ActiveCfg = Debug|Any CPU
		{C06C106A-FD0D-402C-83DC-33454978FE25}.Release|Any CPU.ActiveCfg = Release|Any CPU
	EndGlobalSection
	GlobalSection(SolutionProperties) = preSolution
		HideSolutionNode = FALSE
	EndGlobalSection
	GlobalSection(ExtensibilityGlobals) = postSolution
		SolutionGuid = {ED8FF57E-A54F-45EE-9CBB-56B168595F18}
	EndGlobalSection
EndGlobal
